
Microsoft Visual Studio Solution File, Format Version 12.00
# Visual Studio Version 16
VisualStudioVersion = 16.0.30611.23
MinimumVisualStudioVersion = 10.0.40219.1
Project("{FAE04EC0-301F-11D3-BF4B-00C04F79EFBC}") = "Shared", "Shared.csproj", "{2B3A58A0-2627-4C3A-8477-C83A69DDA527}"
EndProject
Global
	GlobalSection(SolutionConfigurationPlatforms) = preSolution
		Debug|Any CPU = Debug|Any CPU
		Release|Any CPU = Release|Any CPU
	EndGlobalSection
	GlobalSection(ProjectConfigurationPlatforms) = postSolution
		{2B3A58A0-2627-4C3A-8477-C83A69DDA527}.Debug|Any CPU.ActiveCfg = Debug|Any CPU
		{2B3A58A0-2627-4C3A-8477-C83A69DDA527}.Debug|Any CPU.Build.0 = Debug|Any CPU
		{2B3A58A0-2627-4C3A-8477-C83A69DDA527}.Release|Any CPU.ActiveCfg = Release|Any CPU
		{2B3A58A0-2627-4C3A-8477-C83A69DDA527}.Release|Any CPU.Build.0 = Release|Any CPU
	EndGlobalSection
	GlobalSection(SolutionProperties) = preSolution
		HideSolutionNode = FALSE
	EndGlobalSection
	GlobalSection(ExtensibilityGlobals) = postSolution
		SolutionGuid = {1A6FD692-4EAE-4604-A2AA-D7C13A773D06}
	EndGlobalSection
EndGlobal
